
Microsoft Visual Studio Solution File, Format Version 12.00
# Visual Studio Version 16
VisualStudioVersion = 16.0.28917.182
MinimumVisualStudioVersion = 10.0.40219.1
Project("{9A19103F-16F7-4668-BE54-9A1E7A4F7556}") = "BlazorMedia", "BlazorMedia\BlazorMedia.csproj", "{087F5007-7357-43EE-A1C5-4FD084948D0F}"
EndProject
Project("{9A19103F-16F7-4668-BE54-9A1E7A4F7556}") = "BlazorMedia.Demo", "BlazorMedia.Demo\BlazorMedia.Demo.csproj", "{1780AAC4-C830-45FD-B816-C34AF9A97491}"
EndProject
Global
	GlobalSection(SolutionConfigurationPlatforms) = preSolution
		Debug|Any CPU = Debug|Any CPU
		Release|Any CPU = Release|Any CPU
	EndGlobalSection
	GlobalSection(ProjectConfigurationPlatforms) = postSolution
		{087F5007-7357-43EE-A1C5-4FD084948D0F}.Debug|Any CPU.ActiveCfg = Debug|Any CPU
		{087F5007-7357-43EE-A1C5-4FD084948D0F}.Debug|Any CPU.Build.0 = Debug|Any CPU
		{087F5007-7357-43EE-A1C5-4FD084948D0F}.Release|Any CPU.ActiveCfg = Release|Any CPU
		{087F5007-7357-43EE-A1C5-4FD084948D0F}.Release|Any CPU.Build.0 = Release|Any CPU
		{1780AAC4-C830-45FD-B816-C34AF9A97491}.Debug|Any CPU.ActiveCfg = Debug|Any CPU
		{1780AAC4-C830-45FD-B816-C34AF9A97491}.Debug|Any CPU.Build.0 = Debug|Any CPU
		{1780AAC4-C830-45FD-B816-C34AF9A97491}.Release|Any CPU.ActiveCfg = Release|Any CPU
		{1780AAC4-C830-45FD-B816-C34AF9A97491}.Release|Any CPU.Build.0 = Release|Any CPU
	EndGlobalSection
	GlobalSection(SolutionProperties) = preSolution
		HideSolutionNode = FALSE
	EndGlobalSection
	GlobalSection(ExtensibilityGlobals) = postSolution
		SolutionGuid = {A3C28266-0C9C-4D94-B7D0-0CAABB189CB2}
	EndGlobalSection
EndGlobal
