
Microsoft Visual Studio Solution File, Format Version 12.00
# Visual Studio Version 16
VisualStudioVersion = 16.0.30225.117
MinimumVisualStudioVersion = 10.0.40219.1
Project("{9A19103F-16F7-4668-BE54-9A1E7A4F7556}") = "BlazorMedia", "BlazorMedia\BlazorMedia.csproj", "{2EF5949A-A495-4896-BC32-91FA57F92DD4}"
EndProject
Project("{9A19103F-16F7-4668-BE54-9A1E7A4F7556}") = "BlazorMedia.Demo", "BlazorMedia.Demo\BlazorMedia.Demo.csproj", "{531F3F53-E031-477F-BAE5-0FCA1E8AEAF0}"
EndProject
Project("{FAE04EC0-301F-11D3-BF4B-00C04F79EFBC}") = "BlazorMedia.Demo.WASM", "BlazorMedia.Demo.WASM\BlazorMedia.Demo.WASM.csproj", "{BBB8DE1E-9C16-4FE8-9FD2-D3DD837A26A9}"
EndProject
Global
	GlobalSection(SolutionConfigurationPlatforms) = preSolution
		Debug|Any CPU = Debug|Any CPU
		Release|Any CPU = Release|Any CPU
	EndGlobalSection
	GlobalSection(ProjectConfigurationPlatforms) = postSolution
		{2EF5949A-A495-4896-BC32-91FA57F92DD4}.Debug|Any CPU.ActiveCfg = Debug|Any CPU
		{2EF5949A-A495-4896-BC32-91FA57F92DD4}.Debug|Any CPU.Build.0 = Debug|Any CPU
		{2EF5949A-A495-4896-BC32-91FA57F92DD4}.Release|Any CPU.ActiveCfg = Release|Any CPU
		{2EF5949A-A495-4896-BC32-91FA57F92DD4}.Release|Any CPU.Build.0 = Release|Any CPU
		{531F3F53-E031-477F-BAE5-0FCA1E8AEAF0}.Debug|Any CPU.ActiveCfg = Debug|Any CPU
		{531F3F53-E031-477F-BAE5-0FCA1E8AEAF0}.Debug|Any CPU.Build.0 = Debug|Any CPU
		{531F3F53-E031-477F-BAE5-0FCA1E8AEAF0}.Release|Any CPU.ActiveCfg = Release|Any CPU
		{531F3F53-E031-477F-BAE5-0FCA1E8AEAF0}.Release|Any CPU.Build.0 = Release|Any CPU
		{BBB8DE1E-9C16-4FE8-9FD2-D3DD837A26A9}.Debug|Any CPU.ActiveCfg = Debug|Any CPU
		{BBB8DE1E-9C16-4FE8-9FD2-D3DD837A26A9}.Debug|Any CPU.Build.0 = Debug|Any CPU
		{BBB8DE1E-9C16-4FE8-9FD2-D3DD837A26A9}.Release|Any CPU.ActiveCfg = Release|Any CPU
		{BBB8DE1E-9C16-4FE8-9FD2-D3DD837A26A9}.Release|Any CPU.Build.0 = Release|Any CPU
	EndGlobalSection
	GlobalSection(SolutionProperties) = preSolution
		HideSolutionNode = FALSE
	EndGlobalSection
	GlobalSection(ExtensibilityGlobals) = postSolution
		SolutionGuid = {3FB8B58C-FDE4-47AB-AD98-28DAD32195D3}
	EndGlobalSection
EndGlobal
