{
  "name": "blazormedia",
  "version": "0.1.0",
  "lockfileVersion": 1,
  "requires": true,
  "dependencies": {
    "@types/dom-mediacapture-record": {
      "version": "1.0.2",
      "resolved": "https://registry.npmjs.org/@types/dom-mediacapture-record/-/dom-mediacapture-record-1.0.2.tgz",
      "integrity": "sha512-kvpfcIq+YnOPnXxzTx6hbStJin0jtcFgCQxn4XgumF11HrOICxddPJ0/oGBLOd0mauxpPvxBuVvBi1qf7NC7Fg==",
      "dev": true
    },
    "typescript": {
      "version": "3.7.4",
      "resolved": "https://registry.npmjs.org/typescript/-/typescript-3.7.4.tgz",
      "integrity": "sha512-A25xv5XCtarLwXpcDNZzCGvW2D1S3/bACratYBx2sax8PefsFhlYmkQicKHvpYflFS8if4zne5zT5kpJ7pzuvw==",
      "dev": true
    }
  }
}
