{
  "name": "blazormedia",
  "version": "0.1.0",
  "lockfileVersion": 1,
  "requires": true,
  "dependencies": {
    "@types/dom-mediacapture-record": {
      "version": "1.0.6",
      "resolved": "https://registry.npmjs.org/@types/dom-mediacapture-record/-/dom-mediacapture-record-1.0.6.tgz",
      "integrity": "sha512-N7+dsk8WPIvC59xZfbtvuTxfZI0I21uBLehhbz5Kx4Da9K26IdzqNuVX3ldWAxzYLVIsXr82MK9nlsKLxmka9A==",
      "dev": true
    },
    "typescript": {
      "version": "3.9.5",
      "resolved": "https://registry.npmjs.org/typescript/-/typescript-3.9.5.tgz",
      "integrity": "sha512-hSAifV3k+i6lEoCJ2k6R2Z/rp/H3+8sdmcn5NrS3/3kE7+RyZXm9aqvxWqjEXHAd8b0pShatpcdMTvEdvAJltQ==",
      "dev": true
    }
  }
}
