# THIS IS AN AUTOGENERATED FILE. DO NOT EDIT THIS FILE DIRECTLY.
# yarn lockfile v1


"@types/dom-mediacapture-record@^1.0.1":
  version "1.0.1"
  resolved "https://registry.yarnpkg.com/@types/dom-mediacapture-record/-/dom-mediacapture-record-1.0.1.tgz#9936ecf8fd8095bde40528190995b73bf325e034"
  integrity sha512-NroLu+QuHP7VJKUWBs3RgAXQoX8lEHaScG7ACOxPIOQ6VaM7lvTLVOp9bsFspkIPlCMElLHRJCYdA47rDTZLTw==
